// !$*UTF8*$!
{
	archiveVersion = 1;
	classes = {
	};
	objectVersion = 46;
	objects = {

/* Begin PBXBuildFile section */
		B02615C21669D13800C0926F /* UIKit.framework in Frameworks */ = {isa = PBXBuildFile; fileRef = B02615C11669D13800C0926F /* UIKit.framework */; };
		B02615C41669D13800C0926F /* Foundation.framework in Frameworks */ = {isa = PBXBuildFile; fileRef = B02615C31669D13800C0926F /* Foundation.framework */; };
		B02615C61669D13800C0926F /* CoreGraphics.framework in Frameworks */ = {isa = PBXBuildFile; fileRef = B02615C51669D13800C0926F /* CoreGraphics.framework */; };
		B02615CC1669D13800C0926F /* InfoPlist.strings in Resources */ = {isa = PBXBuildFile; fileRef = B02615CA1669D13800C0926F /* InfoPlist.strings */; };
		B02615CE1669D13800C0926F /* main.m in Sources */ = {isa = PBXBuildFile; fileRef = B02615CD1669D13800C0926F /* main.m */; };
		B02615D21669D13800C0926F /* peaceAppDelegate.m in Sources */ = {isa = PBXBuildFile; fileRef = B02615D11669D13800C0926F /* peaceAppDelegate.m */; };
		B02615D41669D13800C0926F /* Default.png in Resources */ = {isa = PBXBuildFile; fileRef = B02615D31669D13800C0926F /* Default.png */; };
		B02615D61669D13800C0926F /* Default@2x.png in Resources */ = {isa = PBXBuildFile; fileRef = B02615D51669D13800C0926F /* Default@2x.png */; };
		B02615D81669D13800C0926F /* Default-568h@2x.png in Resources */ = {isa = PBXBuildFile; fileRef = B02615D71669D13800C0926F /* Default-568h@2x.png */; };
		B02615DB1669D13800C0926F /* peaceMasterViewController.m in Sources */ = {isa = PBXBuildFile; fileRef = B02615DA1669D13800C0926F /* peaceMasterViewController.m */; };
		B02615DE1669D13800C0926F /* peaceDetailViewController.m in Sources */ = {isa = PBXBuildFile; fileRef = B02615DD1669D13800C0926F /* peaceDetailViewController.m */; };
		B02615E11669D13800C0926F /* peaceMasterViewController.xib in Resources */ = {isa = PBXBuildFile; fileRef = B02615DF1669D13800C0926F /* peaceMasterViewController.xib */; };
		B02615E41669D13800C0926F /* peaceDetailViewController.xib in Resources */ = {isa = PBXBuildFile; fileRef = B02615E21669D13800C0926F /* peaceDetailViewController.xib */; };
		B04A45301669DC7700841778 /* libSDWebImage.a in Frameworks */ = {isa = PBXBuildFile; fileRef = B04A45291669DC4E00841778 /* libSDWebImage.a */; };
		B04A45321669DD1400841778 /* ImageIO.framework in Frameworks */ = {isa = PBXBuildFile; fileRef = B04A45311669DD1400841778 /* ImageIO.framework */; };
		B04A45401669F25700841778 /* placeholder@2x.png in Resources */ = {isa = PBXBuildFile; fileRef = B04A453F1669F25700841778 /* placeholder@2x.png */; };
/* End PBXBuildFile section */

/* Begin PBXContainerItemProxy section */
		B04A45281669DC4E00841778 /* PBXContainerItemProxy */ = {
			isa = PBXContainerItemProxy;
			containerPortal = B04A451E1669DC4E00841778 /* SDWebImage.xcodeproj */;
			proxyType = 2;
			remoteGlobalIDString = 53922D6F148C55820056699D;
			remoteInfo = SDWebImage;
		};
		B04A452A1669DC4E00841778 /* PBXContainerItemProxy */ = {
			isa = PBXContainerItemProxy;
			containerPortal = B04A451E1669DC4E00841778 /* SDWebImage.xcodeproj */;
			proxyType = 2;
			remoteGlobalIDString = 53761325155AD0D5005750A4;
			remoteInfo = "SDWebImage ARC";
		};
		B04A452C1669DC4E00841778 /* PBXContainerItemProxy */ = {
			isa = PBXContainerItemProxy;
			containerPortal = B04A451E1669DC4E00841778 /* SDWebImage.xcodeproj */;
			proxyType = 2;
			remoteGlobalIDString = 531041E0157EAFA400BBABC3;
			remoteInfo = "SDWebImage ARC+MKAnnotation";
		};
		B04A452E1669DC5900841778 /* PBXContainerItemProxy */ = {
			isa = PBXContainerItemProxy;
			containerPortal = B04A451E1669DC4E00841778 /* SDWebImage.xcodeproj */;
			proxyType = 1;
			remoteGlobalIDString = 53922D6E148C55810056699D;
			remoteInfo = SDWebImage;
		};
/* End PBXContainerItemProxy section */

/* Begin PBXFileReference section */
		B02615BD1669D13800C0926F /* SDWebImageSample.app */ = {isa = PBXFileReference; explicitFileType = wrapper.application; includeInIndex = 0; path = SDWebImageSample.app; sourceTree = BUILT_PRODUCTS_DIR; };
		B02615C11669D13800C0926F /* UIKit.framework */ = {isa = PBXFileReference; lastKnownFileType = wrapper.framework; name = UIKit.framework; path = System/Library/Frameworks/UIKit.framework; sourceTree = SDKROOT; };
		B02615C31669D13800C0926F /* Foundation.framework */ = {isa = PBXFileReference; lastKnownFileType = wrapper.framework; name = Foundation.framework; path = System/Library/Frameworks/Foundation.framework; sourceTree = SDKROOT; };
		B02615C51669D13800C0926F /* CoreGraphics.framework */ = {isa = PBXFileReference; lastKnownFileType = wrapper.framework; name = CoreGraphics.framework; path = System/Library/Frameworks/CoreGraphics.framework; sourceTree = SDKROOT; };
		B02615C91669D13800C0926F /* SDWebImageSample-Info.plist */ = {isa = PBXFileReference; lastKnownFileType = text.plist.xml; path = "SDWebImageSample-Info.plist"; sourceTree = "<group>"; };
		B02615CB1669D13800C0926F /* en */ = {isa = PBXFileReference; lastKnownFileType = text.plist.strings; name = en; path = en.lproj/InfoPlist.strings; sourceTree = "<group>"; };
		B02615CD1669D13800C0926F /* main.m */ = {isa = PBXFileReference; lastKnownFileType = sourcecode.c.objc; path = main.m; sourceTree = "<group>"; };
		B02615CF1669D13800C0926F /* SDWebImageSample-Prefix.pch */ = {isa = PBXFileReference; lastKnownFileType = sourcecode.c.h; path = "SDWebImageSample-Prefix.pch"; sourceTree = "<group>"; };
		B02615D01669D13800C0926F /* peaceAppDelegate.h */ = {isa = PBXFileReference; lastKnownFileType = sourcecode.c.h; path = peaceAppDelegate.h; sourceTree = "<group>"; };
		B02615D11669D13800C0926F /* peaceAppDelegate.m */ = {isa = PBXFileReference; lastKnownFileType = sourcecode.c.objc; path = peaceAppDelegate.m; sourceTree = "<group>"; };
		B02615D31669D13800C0926F /* Default.png */ = {isa = PBXFileReference; lastKnownFileType = image.png; path = Default.png; sourceTree = "<group>"; };
		B02615D51669D13800C0926F /* Default@2x.png */ = {isa = PBXFileReference; lastKnownFileType = image.png; path = "Default@2x.png"; sourceTree = "<group>"; };
		B02615D71669D13800C0926F /* Default-568h@2x.png */ = {isa = PBXFileReference; lastKnownFileType = image.png; path = "Default-568h@2x.png"; sourceTree = "<group>"; };
		B02615D91669D13800C0926F /* peaceMasterViewController.h */ = {isa = PBXFileReference; lastKnownFileType = sourcecode.c.h; path = peaceMasterViewController.h; sourceTree = "<group>"; };
		B02615DA1669D13800C0926F /* peaceMasterViewController.m */ = {isa = PBXFileReference; lastKnownFileType = sourcecode.c.objc; path = peaceMasterViewController.m; sourceTree = "<group>"; };
		B02615DC1669D13800C0926F /* peaceDetailViewController.h */ = {isa = PBXFileReference; lastKnownFileType = sourcecode.c.h; path = peaceDetailViewController.h; sourceTree = "<group>"; };
		B02615DD1669D13800C0926F /* peaceDetailViewController.m */ = {isa = PBXFileReference; lastKnownFileType = sourcecode.c.objc; path = peaceDetailViewController.m; sourceTree = "<group>"; };
		B02615E01669D13800C0926F /* en */ = {isa = PBXFileReference; lastKnownFileType = file.xib; name = en; path = en.lproj/peaceMasterViewController.xib; sourceTree = "<group>"; };
		B02615E31669D13800C0926F /* en */ = {isa = PBXFileReference; lastKnownFileType = file.xib; name = en; path = en.lproj/peaceDetailViewController.xib; sourceTree = "<group>"; };
		B04A451E1669DC4E00841778 /* SDWebImage.xcodeproj */ = {isa = PBXFileReference; lastKnownFileType = "wrapper.pb-project"; name = SDWebImage.xcodeproj; path = ../../SDWebImage/SDWebImage.xcodeproj; sourceTree = "<group>"; };
		B04A45311669DD1400841778 /* ImageIO.framework */ = {isa = PBXFileReference; lastKnownFileType = wrapper.framework; name = ImageIO.framework; path = System/Library/Frameworks/ImageIO.framework; sourceTree = SDKROOT; };
		B04A453F1669F25700841778 /* placeholder@2x.png */ = {isa = PBXFileReference; lastKnownFileType = image.png; path = "placeholder@2x.png"; sourceTree = "<group>"; };
/* End PBXFileReference section */

/* Begin PBXFrameworksBuildPhase section */
		B02615BA1669D13800C0926F /* Frameworks */ = {
			isa = PBXFrameworksBuildPhase;
			buildActionMask = 2147483647;
			files = (
				B04A45321669DD1400841778 /* ImageIO.framework in Frameworks */,
				B04A45301669DC7700841778 /* libSDWebImage.a in Frameworks */,
				B02615C21669D13800C0926F /* UIKit.framework in Frameworks */,
				B02615C41669D13800C0926F /* Foundation.framework in Frameworks */,
				B02615C61669D13800C0926F /* CoreGraphics.framework in Frameworks */,
			);
			runOnlyForDeploymentPostprocessing = 0;
		};
/* End PBXFrameworksBuildPhase section */

/* Begin PBXGroup section */
		B02615B21669D13800C0926F = {
			isa = PBXGroup;
			children = (
				B04A45311669DD1400841778 /* ImageIO.framework */,
				B02615C71669D13800C0926F /* SDWebImageSample */,
				B02615C01669D13800C0926F /* Frameworks */,
				B02615BE1669D13800C0926F /* Products */,
			);
			sourceTree = "<group>";
		};
		B02615BE1669D13800C0926F /* Products */ = {
			isa = PBXGroup;
			children = (
				B02615BD1669D13800C0926F /* SDWebImageSample.app */,
			);
			name = Products;
			sourceTree = "<group>";
		};
		B02615C01669D13800C0926F /* Frameworks */ = {
			isa = PBXGroup;
			children = (
				B04A451E1669DC4E00841778 /* SDWebImage.xcodeproj */,
				B02615C11669D13800C0926F /* UIKit.framework */,
				B02615C31669D13800C0926F /* Foundation.framework */,
				B02615C51669D13800C0926F /* CoreGraphics.framework */,
			);
			name = Frameworks;
			sourceTree = "<group>";
		};
		B02615C71669D13800C0926F /* SDWebImageSample */ = {
			isa = PBXGroup;
			children = (
				B04A453F1669F25700841778 /* placeholder@2x.png */,
				B02615D01669D13800C0926F /* peaceAppDelegate.h */,
				B02615D11669D13800C0926F /* peaceAppDelegate.m */,
				B02615D91669D13800C0926F /* peaceMasterViewController.h */,
				B02615DA1669D13800C0926F /* peaceMasterViewController.m */,
				B02615DC1669D13800C0926F /* peaceDetailViewController.h */,
				B02615DD1669D13800C0926F /* peaceDetailViewController.m */,
				B02615DF1669D13800C0926F /* peaceMasterViewController.xib */,
				B02615E21669D13800C0926F /* peaceDetailViewController.xib */,
				B02615C81669D13800C0926F /* Supporting Files */,
			);
			path = SDWebImageSample;
			sourceTree = "<group>";
		};
		B02615C81669D13800C0926F /* Supporting Files */ = {
			isa = PBXGroup;
			children = (
				B02615C91669D13800C0926F /* SDWebImageSample-Info.plist */,
				B02615CA1669D13800C0926F /* InfoPlist.strings */,
				B02615CD1669D13800C0926F /* main.m */,
				B02615CF1669D13800C0926F /* SDWebImageSample-Prefix.pch */,
				B02615D31669D13800C0926F /* Default.png */,
				B02615D51669D13800C0926F /* Default@2x.png */,
				B02615D71669D13800C0926F /* Default-568h@2x.png */,
			);
			name = "Supporting Files";
			sourceTree = "<group>";
		};
		B04A451F1669DC4E00841778 /* Products */ = {
			isa = PBXGroup;
			children = (
				B04A45291669DC4E00841778 /* libSDWebImage.a */,
				B04A452B1669DC4E00841778 /* libSDWebImage.a */,
				B04A452D1669DC4E00841778 /* libSDWebImageARC+MKAnnotation.a */,
			);
			name = Products;
			sourceTree = "<group>";
		};
/* End PBXGroup section */

/* Begin PBXNativeTarget section */
		B02615BC1669D13800C0926F /* SDWebImageSample */ = {
			isa = PBXNativeTarget;
			buildConfigurationList = B02615E71669D13800C0926F /* Build configuration list for PBXNativeTarget "SDWebImageSample" */;
			buildPhases = (
				B02615B91669D13800C0926F /* Sources */,
				B02615BA1669D13800C0926F /* Frameworks */,
				B02615BB1669D13800C0926F /* Resources */,
			);
			buildRules = (
			);
			dependencies = (
				B04A452F1669DC5900841778 /* PBXTargetDependency */,
			);
			name = SDWebImageSample;
			productName = SDWebImageSample;
			productReference = B02615BD1669D13800C0926F /* SDWebImageSample.app */;
			productType = "com.apple.product-type.application";
		};
/* End PBXNativeTarget section */

/* Begin PBXProject section */
		B02615B41669D13800C0926F /* Project object */ = {
			isa = PBXProject;
			attributes = {
				CLASSPREFIX = peace;
				LastUpgradeCheck = 0450;
				ORGANIZATIONNAME = zhaoyp;
			};
			buildConfigurationList = B02615B71669D13800C0926F /* Build configuration list for PBXProject "SDWebImageSample" */;
			compatibilityVersion = "Xcode 3.2";
			developmentRegion = English;
			hasScannedForEncodings = 0;
			knownRegions = (
				en,
			);
			mainGroup = B02615B21669D13800C0926F;
			productRefGroup = B02615BE1669D13800C0926F /* Products */;
			projectDirPath = "";
			projectReferences = (
				{
					ProductGroup = B04A451F1669DC4E00841778 /* Products */;
					ProjectRef = B04A451E1669DC4E00841778 /* SDWebImage.xcodeproj */;
				},
			);
			projectRoot = "";
			targets = (
				B02615BC1669D13800C0926F /* SDWebImageSample */,
			);
		};
/* End PBXProject section */

/* Begin PBXReferenceProxy section */
		B04A45291669DC4E00841778 /* libSDWebImage.a */ = {
			isa = PBXReferenceProxy;
			fileType = archive.ar;
			path = libSDWebImage.a;
			remoteRef = B04A45281669DC4E00841778 /* PBXContainerItemProxy */;
			sourceTree = BUILT_PRODUCTS_DIR;
		};
		B04A452B1669DC4E00841778 /* libSDWebImage.a */ = {
			isa = PBXReferenceProxy;
			fileType = archive.ar;
			path = libSDWebImage.a;
			remoteRef = B04A452A1669DC4E00841778 /* PBXContainerItemProxy */;
			sourceTree = BUILT_PRODUCTS_DIR;
		};
		B04A452D1669DC4E00841778 /* libSDWebImageARC+MKAnnotation.a */ = {
			isa = PBXReferenceProxy;
			fileType = archive.ar;
			path = "libSDWebImageARC+MKAnnotation.a";
			remoteRef = B04A452C1669DC4E00841778 /* PBXContainerItemProxy */;
			sourceTree = BUILT_PRODUCTS_DIR;
		};
/* End PBXReferenceProxy section */

/* Begin PBXResourcesBuildPhase section */
		B02615BB1669D13800C0926F /* Resources */ = {
			isa = PBXResourcesBuildPhase;
			buildActionMask = 2147483647;
			files = (
				B02615CC1669D13800C0926F /* InfoPlist.strings in Resources */,
				B02615D41669D13800C0926F /* Default.png in Resources */,
				B02615D61669D13800C0926F /* Default@2x.png in Resources */,
				B02615D81669D13800C0926F /* Default-568h@2x.png in Resources */,
				B02615E11669D13800C0926F /* peaceMasterViewController.xib in Resources */,
				B02615E41669D13800C0926F /* peaceDetailViewController.xib in Resources */,
				B04A45401669F25700841778 /* placeholder@2x.png in Resources */,
			);
			runOnlyForDeploymentPostprocessing = 0;
		};
/* End PBXResourcesBuildPhase section */

/* Begin PBXSourcesBuildPhase section */
		B02615B91669D13800C0926F /* Sources */ = {
			isa = PBXSourcesBuildPhase;
			buildActionMask = 2147483647;
			files = (
				B02615CE1669D13800C0926F /* main.m in Sources */,
				B02615D21669D13800C0926F /* peaceAppDelegate.m in Sources */,
				B02615DB1669D13800C0926F /* peaceMasterViewController.m in Sources */,
				B02615DE1669D13800C0926F /* peaceDetailViewController.m in Sources */,
			);
			runOnlyForDeploymentPostprocessing = 0;
		};
/* End PBXSourcesBuildPhase section */

/* Begin PBXTargetDependency section */
		B04A452F1669DC5900841778 /* PBXTargetDependency */ = {
			isa = PBXTargetDependency;
			name = SDWebImage;
			targetProxy = B04A452E1669DC5900841778 /* PBXContainerItemProxy */;
		};
/* End PBXTargetDependency section */

/* Begin PBXVariantGroup section */
		B02615CA1669D13800C0926F /* InfoPlist.strings */ = {
			isa = PBXVariantGroup;
			children = (
				B02615CB1669D13800C0926F /* en */,
			);
			name = InfoPlist.strings;
			sourceTree = "<group>";
		};
		B02615DF1669D13800C0926F /* peaceMasterViewController.xib */ = {
			isa = PBXVariantGroup;
			children = (
				B02615E01669D13800C0926F /* en */,
			);
			name = peaceMasterViewController.xib;
			sourceTree = "<group>";
		};
		B02615E21669D13800C0926F /* peaceDetailViewController.xib */ = {
			isa = PBXVariantGroup;
			children = (
				B02615E31669D13800C0926F /* en */,
			);
			name = peaceDetailViewController.xib;
			sourceTree = "<group>";
		};
/* End PBXVariantGroup section */

/* Begin XCBuildConfiguration section */
		B02615E51669D13800C0926F /* Debug */ = {
			isa = XCBuildConfiguration;
			buildSettings = {
				ALWAYS_SEARCH_USER_PATHS = NO;
				CLANG_CXX_LANGUAGE_STANDARD = "gnu++0x";
				CLANG_CXX_LIBRARY = "libc++";
				CLANG_WARN_EMPTY_BODY = YES;
				CLANG_WARN__DUPLICATE_METHOD_MATCH = YES;
				"CODE_SIGN_IDENTITY[sdk=iphoneos*]" = "iPhone Developer";
				COPY_PHASE_STRIP = NO;
				GCC_C_LANGUAGE_STANDARD = gnu99;
				GCC_DYNAMIC_NO_PIC = NO;
				GCC_OPTIMIZATION_LEVEL = 0;
				GCC_PREPROCESSOR_DEFINITIONS = (
					"DEBUG=1",
					"$(inherited)",
				);
				GCC_SYMBOLS_PRIVATE_EXTERN = NO;
				GCC_WARN_ABOUT_RETURN_TYPE = YES;
				GCC_WARN_UNINITIALIZED_AUTOS = YES;
				GCC_WARN_UNUSED_VARIABLE = YES;
				HEADER_SEARCH_PATHS = "../../SDWebImage/**";
				IPHONEOS_DEPLOYMENT_TARGET = 6.0;
				OTHER_LDFLAGS = "-ObjC";
				SDKROOT = iphoneos;
			};
			name = Debug;
		};
		B02615E61669D13800C0926F /* Release */ = {
			isa = XCBuildConfiguration;
			buildSettings = {
				ALWAYS_SEARCH_USER_PATHS = NO;
				CLANG_CXX_LANGUAGE_STANDARD = "gnu++0x";
				CLANG_CXX_LIBRARY = "libc++";
				CLANG_WARN_EMPTY_BODY = YES;
				CLANG_WARN__DUPLICATE_METHOD_MATCH = YES;
				"CODE_SIGN_IDENTITY[sdk=iphoneos*]" = "iPhone Developer";
				COPY_PHASE_STRIP = YES;
				GCC_C_LANGUAGE_STANDARD = gnu99;
				GCC_WARN_ABOUT_RETURN_TYPE = YES;
				GCC_WARN_UNINITIALIZED_AUTOS = YES;
				GCC_WARN_UNUSED_VARIABLE = YES;
				HEADER_SEARCH_PATHS = "../../SDWebImage/**";
				IPHONEOS_DEPLOYMENT_TARGET = 6.0;
				OTHER_CFLAGS = "-DNS_BLOCK_ASSERTIONS=1";
				OTHER_LDFLAGS = "-ObjC";
				SDKROOT = iphoneos;
				VALIDATE_PRODUCT = YES;
			};
			name = Release;
		};
		B02615E81669D13800C0926F /* Debug */ = {
			isa = XCBuildConfiguration;
			buildSettings = {
				GCC_PRECOMPILE_PREFIX_HEADER = YES;
				GCC_PREFIX_HEADER = "SDWebImageSample/SDWebImageSample-Prefix.pch";
				HEADER_SEARCH_PATHS = "../../SDWebImage/**";
				INFOPLIST_FILE = "SDWebImageSample/SDWebImageSample-Info.plist";
				OTHER_LDFLAGS = "-ObjC";
				PRODUCT_NAME = "$(TARGET_NAME)";
				WRAPPER_EXTENSION = app;
			};
			name = Debug;
		};
		B02615E91669D13800C0926F /* Release */ = {
			isa = XCBuildConfiguration;
			buildSettings = {
				GCC_PRECOMPILE_PREFIX_HEADER = YES;
				GCC_PREFIX_HEADER = "SDWebImageSample/SDWebImageSample-Prefix.pch";
				HEADER_SEARCH_PATHS = "../../SDWebImage/**";
				INFOPLIST_FILE = "SDWebImageSample/SDWebImageSample-Info.plist";
				OTHER_LDFLAGS = "-ObjC";
				PRODUCT_NAME = "$(TARGET_NAME)";
				WRAPPER_EXTENSION = app;
			};
			name = Release;
		};
/* End XCBuildConfiguration section */

/* Begin XCConfigurationList section */
		B02615B71669D13800C0926F /* Build configuration list for PBXProject "SDWebImageSample" */ = {
			isa = XCConfigurationList;
			buildConfigurations = (
				B02615E51669D13800C0926F /* Debug */,
				B02615E61669D13800C0926F /* Release */,
			);
			defaultConfigurationIsVisible = 0;
			defaultConfigurationName = Release;
		};
		B02615E71669D13800C0926F /* Build configuration list for PBXNativeTarget "SDWebImageSample" */ = {
			isa = XCConfigurationList;
			buildConfigurations = (
				B02615E81669D13800C0926F /* Debug */,
				B02615E91669D13800C0926F /* Release */,
			);
			defaultConfigurationIsVisible = 0;
			defaultConfigurationName = Release;
		};
/* End XCConfigurationList section */
	};
	rootObject = B02615B41669D13800C0926F /* Project object */;
}
